
Microsoft Visual Studio Solution File, Format Version 12.00
# Visual Studio Version 16
VisualStudioVersion = 16.0.31205.134
MinimumVisualStudioVersion = 10.0.40219.1
Project("{9A19103F-16F7-4668-BE54-9A1E7A4F7556}") = "ProjetoFinal", "ProjetoFinal\ProjetoFinal.csproj", "{D181F18D-F99D-4E01-BD37-F186F664F0AC}"
EndProject
Global
	GlobalSection(SolutionConfigurationPlatforms) = preSolution
		Debug|Any CPU = Debug|Any CPU
		Release|Any CPU = Release|Any CPU
	EndGlobalSection
	GlobalSection(ProjectConfigurationPlatforms) = postSolution
		{D181F18D-F99D-4E01-BD37-F186F664F0AC}.Debug|Any CPU.ActiveCfg = Debug|Any CPU
		{D181F18D-F99D-4E01-BD37-F186F664F0AC}.Debug|Any CPU.Build.0 = Debug|Any CPU
		{D181F18D-F99D-4E01-BD37-F186F664F0AC}.Release|Any CPU.ActiveCfg = Release|Any CPU
		{D181F18D-F99D-4E01-BD37-F186F664F0AC}.Release|Any CPU.Build.0 = Release|Any CPU
	EndGlobalSection
	GlobalSection(SolutionProperties) = preSolution
		HideSolutionNode = FALSE
	EndGlobalSection
	GlobalSection(ExtensibilityGlobals) = postSolution
		SolutionGuid = {A1082974-E9C8-44BC-A355-6AD4C5B300B2}
	EndGlobalSection
EndGlobal
